
Microsoft Visual Studio Solution File, Format Version 12.00
# Visual Studio Version 17
VisualStudioVersion = 17.11.35327.3
MinimumVisualStudioVersion = 10.0.40219.1
Project("{FAE04EC0-301F-11D3-BF4B-00C04F79EFBC}") = "Sum2Nums", "Sum2Nums\Sum2Nums.csproj", "{9AB77DFD-4C47-409F-B07F-B4E4916720AE}"
EndProject
Project("{FAE04EC0-301F-11D3-BF4B-00C04F79EFBC}") = "SumSquare2Nums", "SumSquare2Nums\SumSquare2Nums.csproj", "{03EB1CF5-4921-4232-9B56-56763AE3D146}"
EndProject
Project("{FAE04EC0-301F-11D3-BF4B-00C04F79EFBC}") = "SumCubes1to100", "SumCubes1to100\SumCubes1to100.csproj", "{E7125E06-DD26-4408-A8F4-CD3E816421EB}"
EndProject
Project("{FAE04EC0-301F-11D3-BF4B-00C04F79EFBC}") = "CalculateAgeofPerson", "CalculateAgeofPerson\CalculateAgeofPerson.csproj", "{3341CCDE-1469-47BE-ACB1-4369CA6C43E4}"
EndProject
Global
	GlobalSection(SolutionConfigurationPlatforms) = preSolution
		Debug|Any CPU = Debug|Any CPU
		Release|Any CPU = Release|Any CPU
	EndGlobalSection
	GlobalSection(ProjectConfigurationPlatforms) = postSolution
		{9AB77DFD-4C47-409F-B07F-B4E4916720AE}.Debug|Any CPU.ActiveCfg = Debug|Any CPU
		{9AB77DFD-4C47-409F-B07F-B4E4916720AE}.Debug|Any CPU.Build.0 = Debug|Any CPU
		{9AB77DFD-4C47-409F-B07F-B4E4916720AE}.Release|Any CPU.ActiveCfg = Release|Any CPU
		{9AB77DFD-4C47-409F-B07F-B4E4916720AE}.Release|Any CPU.Build.0 = Release|Any CPU
		{03EB1CF5-4921-4232-9B56-56763AE3D146}.Debug|Any CPU.ActiveCfg = Debug|Any CPU
		{03EB1CF5-4921-4232-9B56-56763AE3D146}.Debug|Any CPU.Build.0 = Debug|Any CPU
		{03EB1CF5-4921-4232-9B56-56763AE3D146}.Release|Any CPU.ActiveCfg = Release|Any CPU
		{03EB1CF5-4921-4232-9B56-56763AE3D146}.Release|Any CPU.Build.0 = Release|Any CPU
		{E7125E06-DD26-4408-A8F4-CD3E816421EB}.Debug|Any CPU.ActiveCfg = Debug|Any CPU
		{E7125E06-DD26-4408-A8F4-CD3E816421EB}.Debug|Any CPU.Build.0 = Debug|Any CPU
		{E7125E06-DD26-4408-A8F4-CD3E816421EB}.Release|Any CPU.ActiveCfg = Release|Any CPU
		{E7125E06-DD26-4408-A8F4-CD3E816421EB}.Release|Any CPU.Build.0 = Release|Any CPU
		{3341CCDE-1469-47BE-ACB1-4369CA6C43E4}.Debug|Any CPU.ActiveCfg = Debug|Any CPU
		{3341CCDE-1469-47BE-ACB1-4369CA6C43E4}.Debug|Any CPU.Build.0 = Debug|Any CPU
		{3341CCDE-1469-47BE-ACB1-4369CA6C43E4}.Release|Any CPU.ActiveCfg = Release|Any CPU
		{3341CCDE-1469-47BE-ACB1-4369CA6C43E4}.Release|Any CPU.Build.0 = Release|Any CPU
	EndGlobalSection
	GlobalSection(SolutionProperties) = preSolution
		HideSolutionNode = FALSE
	EndGlobalSection
	GlobalSection(ExtensibilityGlobals) = postSolution
		SolutionGuid = {200DBD81-F18A-46CE-963E-372BEC17D783}
	EndGlobalSection
EndGlobal
